
Microsoft Visual Studio Solution File, Format Version 12.00
# Visual Studio Version 16
VisualStudioVersion = 16.0.29806.167
MinimumVisualStudioVersion = 10.0.40219.1
Project("{FAE04EC0-301F-11D3-BF4B-00C04F79EFBC}") = "Constant", "Constant\Constant.csproj", "{27092B28-FF94-4537-8F7B-4426C148F160}"
EndProject
Global
	GlobalSection(SolutionConfigurationPlatforms) = preSolution
		Debug|Any CPU = Debug|Any CPU
		Release|Any CPU = Release|Any CPU
	EndGlobalSection
	GlobalSection(ProjectConfigurationPlatforms) = postSolution
		{27092B28-FF94-4537-8F7B-4426C148F160}.Debug|Any CPU.ActiveCfg = Debug|Any CPU
		{27092B28-FF94-4537-8F7B-4426C148F160}.Debug|Any CPU.Build.0 = Debug|Any CPU
		{27092B28-FF94-4537-8F7B-4426C148F160}.Release|Any CPU.ActiveCfg = Release|Any CPU
		{27092B28-FF94-4537-8F7B-4426C148F160}.Release|Any CPU.Build.0 = Release|Any CPU
	EndGlobalSection
	GlobalSection(SolutionProperties) = preSolution
		HideSolutionNode = FALSE
	EndGlobalSection
	GlobalSection(ExtensibilityGlobals) = postSolution
		SolutionGuid = {43A1DDA1-BC25-4A56-8252-DD35CD45055C}
	EndGlobalSection
EndGlobal
